
Microsoft Visual Studio Solution File, Format Version 12.00
# Visual Studio Version 17
VisualStudioVersion = 17.13.35825.156 d17.13
MinimumVisualStudioVersion = 10.0.40219.1
Project("{FAE04EC0-301F-11D3-BF4B-00C04F79EFBC}") = "Solnet.Orca", "Solnet.Orca.csproj", "{B3797C92-F326-41A7-89C8-B15F5F243DDA}"
EndProject
Global
	GlobalSection(SolutionConfigurationPlatforms) = preSolution
		Debug|Any CPU = Debug|Any CPU
		Release|Any CPU = Release|Any CPU
	EndGlobalSection
	GlobalSection(ProjectConfigurationPlatforms) = postSolution
		{B3797C92-F326-41A7-89C8-B15F5F243DDA}.Debug|Any CPU.ActiveCfg = Debug|Any CPU
		{B3797C92-F326-41A7-89C8-B15F5F243DDA}.Debug|Any CPU.Build.0 = Debug|Any CPU
		{B3797C92-F326-41A7-89C8-B15F5F243DDA}.Release|Any CPU.ActiveCfg = Release|Any CPU
		{B3797C92-F326-41A7-89C8-B15F5F243DDA}.Release|Any CPU.Build.0 = Release|Any CPU
	EndGlobalSection
	GlobalSection(SolutionProperties) = preSolution
		HideSolutionNode = FALSE
	EndGlobalSection
	GlobalSection(ExtensibilityGlobals) = postSolution
		SolutionGuid = {9F743496-5CF2-47FC-B2B8-B7D8A29F97D0}
	EndGlobalSection
EndGlobal
